
Microsoft Visual Studio Solution File, Format Version 12.00
# Visual Studio Version 17
VisualStudioVersion = 17.2.32630.192
MinimumVisualStudioVersion = 10.0.40219.1
Project("{FAE04EC0-301F-11D3-BF4B-00C04F79EFBC}") = "producer", "producer\producer.csproj", "{FA330136-42F6-4CA5-8C9C-F519FD1170E2}"
EndProject
Global
	GlobalSection(SolutionConfigurationPlatforms) = preSolution
		Debug|Any CPU = Debug|Any CPU
		Release|Any CPU = Release|Any CPU
	EndGlobalSection
	GlobalSection(ProjectConfigurationPlatforms) = postSolution
		{FA330136-42F6-4CA5-8C9C-F519FD1170E2}.Debug|Any CPU.ActiveCfg = Debug|Any CPU
		{FA330136-42F6-4CA5-8C9C-F519FD1170E2}.Debug|Any CPU.Build.0 = Debug|Any CPU
		{FA330136-42F6-4CA5-8C9C-F519FD1170E2}.Release|Any CPU.ActiveCfg = Release|Any CPU
		{FA330136-42F6-4CA5-8C9C-F519FD1170E2}.Release|Any CPU.Build.0 = Release|Any CPU
	EndGlobalSection
	GlobalSection(SolutionProperties) = preSolution
		HideSolutionNode = FALSE
	EndGlobalSection
	GlobalSection(ExtensibilityGlobals) = postSolution
		SolutionGuid = {09E00C05-7A77-4F9A-A700-949C94A1D53B}
	EndGlobalSection
EndGlobal
